
Microsoft Visual Studio Solution File, Format Version 12.00
# Visual Studio Version 16
VisualStudioVersion = 16.0.31321.278
MinimumVisualStudioVersion = 10.0.40219.1
Project("{FAE04EC0-301F-11D3-BF4B-00C04F79EFBC}") = "AssignmentAdminEmployees.UI.MVC", "AssignmentAdminEmployees.UI.MVC\AssignmentAdminEmployees.UI.MVC.csproj", "{B61B226C-8C1B-4580-ACA6-F2B9936C4AF6}"
EndProject
Project("{FAE04EC0-301F-11D3-BF4B-00C04F79EFBC}") = "AssignmentAdminEmployees.Application", "AssignmentAdminEmployees.Application\AssignmentAdminEmployees.Application.csproj", "{9CF50C18-5583-4131-8EBA-65880D69A3F5}"
EndProject
Project("{FAE04EC0-301F-11D3-BF4B-00C04F79EFBC}") = "AssignmentAdminEmployees.Domain", "AssignmentAdminEmployees.Domain\AssignmentAdminEmployees.Domain.csproj", "{D5AE77FA-65F6-472E-89FD-FB813C7FE9C7}"
EndProject
Project("{FAE04EC0-301F-11D3-BF4B-00C04F79EFBC}") = "AssignmentAdminEmployees.Infrastruct.Data", "AssignmentAdminEmployees.Infrastruct.Data\AssignmentAdminEmployees.Infrastruct.Data.csproj", "{6A9148AD-42C9-49C7-A709-0819448D50E8}"
EndProject
Project("{FAE04EC0-301F-11D3-BF4B-00C04F79EFBC}") = "AssignmentAdminEmployees.Infrastruct.IoC", "AssignmentAdminEmployees.Infrastruct.IoC\AssignmentAdminEmployees.Infrastruct.IoC.csproj", "{568CE3D7-A1F8-4FE1-B323-5BD7A0B46A39}"
EndProject
Global
	GlobalSection(SolutionConfigurationPlatforms) = preSolution
		Debug|Any CPU = Debug|Any CPU
		Release|Any CPU = Release|Any CPU
	EndGlobalSection
	GlobalSection(ProjectConfigurationPlatforms) = postSolution
		{B61B226C-8C1B-4580-ACA6-F2B9936C4AF6}.Debug|Any CPU.ActiveCfg = Debug|Any CPU
		{B61B226C-8C1B-4580-ACA6-F2B9936C4AF6}.Debug|Any CPU.Build.0 = Debug|Any CPU
		{B61B226C-8C1B-4580-ACA6-F2B9936C4AF6}.Release|Any CPU.ActiveCfg = Release|Any CPU
		{B61B226C-8C1B-4580-ACA6-F2B9936C4AF6}.Release|Any CPU.Build.0 = Release|Any CPU
		{9CF50C18-5583-4131-8EBA-65880D69A3F5}.Debug|Any CPU.ActiveCfg = Debug|Any CPU
		{9CF50C18-5583-4131-8EBA-65880D69A3F5}.Debug|Any CPU.Build.0 = Debug|Any CPU
		{9CF50C18-5583-4131-8EBA-65880D69A3F5}.Release|Any CPU.ActiveCfg = Release|Any CPU
		{9CF50C18-5583-4131-8EBA-65880D69A3F5}.Release|Any CPU.Build.0 = Release|Any CPU
		{D5AE77FA-65F6-472E-89FD-FB813C7FE9C7}.Debug|Any CPU.ActiveCfg = Debug|Any CPU
		{D5AE77FA-65F6-472E-89FD-FB813C7FE9C7}.Debug|Any CPU.Build.0 = Debug|Any CPU
		{D5AE77FA-65F6-472E-89FD-FB813C7FE9C7}.Release|Any CPU.ActiveCfg = Release|Any CPU
		{D5AE77FA-65F6-472E-89FD-FB813C7FE9C7}.Release|Any CPU.Build.0 = Release|Any CPU
		{6A9148AD-42C9-49C7-A709-0819448D50E8}.Debug|Any CPU.ActiveCfg = Debug|Any CPU
		{6A9148AD-42C9-49C7-A709-0819448D50E8}.Debug|Any CPU.Build.0 = Debug|Any CPU
		{6A9148AD-42C9-49C7-A709-0819448D50E8}.Release|Any CPU.ActiveCfg = Release|Any CPU
		{6A9148AD-42C9-49C7-A709-0819448D50E8}.Release|Any CPU.Build.0 = Release|Any CPU
		{568CE3D7-A1F8-4FE1-B323-5BD7A0B46A39}.Debug|Any CPU.ActiveCfg = Debug|Any CPU
		{568CE3D7-A1F8-4FE1-B323-5BD7A0B46A39}.Debug|Any CPU.Build.0 = Debug|Any CPU
		{568CE3D7-A1F8-4FE1-B323-5BD7A0B46A39}.Release|Any CPU.ActiveCfg = Release|Any CPU
		{568CE3D7-A1F8-4FE1-B323-5BD7A0B46A39}.Release|Any CPU.Build.0 = Release|Any CPU
	EndGlobalSection
	GlobalSection(SolutionProperties) = preSolution
		HideSolutionNode = FALSE
	EndGlobalSection
	GlobalSection(ExtensibilityGlobals) = postSolution
		SolutionGuid = {55DE5CAD-DB1B-47A1-A49A-40B97AFB8238}
	EndGlobalSection
EndGlobal
